
Microsoft Visual Studio Solution File, Format Version 12.00
# Visual Studio 15
VisualStudioVersion = 15.0.28307.168
MinimumVisualStudioVersion = 10.0.40219.1
Project("{D2ABAB84-BF74-430A-B69E-9DC6D40DDA17}") = "CubeWithNewDB", "CubeWithNewDB\CubeWithNewDB.dwproj", "{9336BD2D-D33E-433F-8FC7-BBB291A44B89}"
EndProject
Global
	GlobalSection(SolutionConfigurationPlatforms) = preSolution
		Development|Default = Development|Default
	EndGlobalSection
	GlobalSection(ProjectConfigurationPlatforms) = postSolution
		{9336BD2D-D33E-433F-8FC7-BBB291A44B89}.Development|Default.ActiveCfg = Development
		{9336BD2D-D33E-433F-8FC7-BBB291A44B89}.Development|Default.Build.0 = Development
		{9336BD2D-D33E-433F-8FC7-BBB291A44B89}.Development|Default.Deploy.0 = Development
	EndGlobalSection
	GlobalSection(SolutionProperties) = preSolution
		HideSolutionNode = FALSE
	EndGlobalSection
	GlobalSection(ExtensibilityGlobals) = postSolution
		SolutionGuid = {F291CCF5-6B15-4974-8283-8CDCA9656EF0}
	EndGlobalSection
EndGlobal
